<?xml version="1.0" encoding="utf-8"?>
<Project ToolsVersion="4.0" xmlns="http://schemas.microsoft.com/developer/msbuild/2003">
  <ItemGroup>
    <Filter Include="Source Files">
      <UniqueIdentifier>{4FC737F1-C7A5-4376-A066-2A32D752A2FF}</UniqueIdentifier>
      <Extensions>cpp;c;cc;cxx;def;odl;idl;hpj;bat;asm;asmx</Extensions>
    </Filter>
    <Filter Include="Header Files">
      <UniqueIdentifier>{93995380-89BD-4b04-88EB-625FBE52EBFB}</UniqueIdentifier>
      <Extensions>h;hh;hpp;hxx;hm;inl;inc;ipp;xsd</Extensions>
    </Filter>
    <Filter Include="Resource Files">
      <UniqueIdentifier>{67DA6AB6-F800-4c08-8B7A-83BB121AAD01}</UniqueIdentifier>
      <Extensions>rc;ico;cur;bmp;dlg;rc2;rct;bin;rgs;gif;jpg;jpeg;jpe;resx;tiff;tif;png;wav;mfcribbon-ms</Extensions>
    </Filter>
    <Filter Include="Source Files\Animation">
      <UniqueIdentifier>{fb538b46-f5a2-4b6f-99b1-b7dc58406bde}</UniqueIdentifier>
    </Filter>
    <Filter Include="Source Files\ResourceManagers">
      <UniqueIdentifier>{ac348833-7ccb-427d-8b19-1de2c40df884}</UniqueIdentifier>
    </Filter>
    <Filter Include="Source Files\State">
      <UniqueIdentifier>{dfdb5d68-acd5-49a4-a6a9-16089ad82ac9}</UniqueIdentifier>
    </Filter>
    <Filter Include="Source Files\EventHandler">
      <UniqueIdentifier>{d0987a67-563a-419d-a245-17f3a20c2363}</UniqueIdentifier>
    </Filter>
    <Filter Include="Source Files\ECS">
      <UniqueIdentifier>{5979ac55-2e5e-4723-ba19-871b0e69aa60}</UniqueIdentifier>
    </Filter>
  </ItemGroup>
  <ItemGroup>
    <ClCompile Include="main.cpp">
      <Filter>Source Files</Filter>
    </ClCompile>
    <ClCompile Include="Animation.cpp">
      <Filter>Source Files\Animation</Filter>
    </ClCompile>
    <ClCompile Include="SpriteSheet.cpp">
      <Filter>Source Files\Animation</Filter>
    </ClCompile>
    <ClCompile Include="TextureManager.cpp">
      <Filter>Source Files\ResourceManagers</Filter>
    </ClCompile>
    <ClCompile Include="StateManager.cpp">
      <Filter>Source Files\State</Filter>
    </ClCompile>
    <ClCompile Include="State.cpp">
      <Filter>Source Files\State</Filter>
    </ClCompile>
    <ClCompile Include="EventHandler.cpp">
      <Filter>Source Files\EventHandler</Filter>
    </ClCompile>
    <ClCompile Include="EntityManager.cpp">
      <Filter>Source Files\ECS</Filter>
    </ClCompile>
    <ClCompile Include="MessageHandler.cpp">
      <Filter>Source Files\ECS</Filter>
    </ClCompile>
    <ClCompile Include="EventQueue.cpp">
      <Filter>Source Files\ECS</Filter>
    </ClCompile>
    <ClCompile Include="SBase.cpp">
      <Filter>Source Files\ECS</Filter>
    </ClCompile>
  </ItemGroup>
  <ItemGroup>
    <ClInclude Include="Animation.h">
      <Filter>Source Files\Animation</Filter>
    </ClInclude>
    <ClInclude Include="SpriteSheet.h">
      <Filter>Source Files\Animation</Filter>
    </ClInclude>
    <ClInclude Include="ResourceManager.h">
      <Filter>Source Files\ResourceManagers</Filter>
    </ClInclude>
    <ClInclude Include="TextureManager.h">
      <Filter>Source Files\ResourceManagers</Filter>
    </ClInclude>
    <ClInclude Include="StateManager.h">
      <Filter>Source Files\State</Filter>
    </ClInclude>
    <ClInclude Include="State.h">
      <Filter>Source Files\State</Filter>
    </ClInclude>
    <ClInclude Include="EventHandler.h">
      <Filter>Source Files\EventHandler</Filter>
    </ClInclude>
    <ClInclude Include="EntityManager.h">
      <Filter>Source Files\ECS</Filter>
    </ClInclude>
    <ClInclude Include="MessageHandler.h">
      <Filter>Source Files\ECS</Filter>
    </ClInclude>
    <ClInclude Include="Observer.h">
      <Filter>Source Files\ECS</Filter>
    </ClInclude>
    <ClInclude Include="CBase.h">
      <Filter>Source Files\ECS</Filter>
    </ClInclude>
    <ClInclude Include="EventQueue.h">
      <Filter>Source Files\ECS</Filter>
    </ClInclude>
    <ClInclude Include="SBase.h">
      <Filter>Source Files\ECS</Filter>
    </ClInclude>
  </ItemGroup>
</Project>